
Microsoft Visual Studio Solution File, Format Version 12.00
# Visual Studio 15
VisualStudioVersion = 15.0.28307.421
MinimumVisualStudioVersion = 10.0.40219.1
Project("{FAE04EC0-301F-11D3-BF4B-00C04F79EFBC}") = "LayOut", "LayOut\LayOut.csproj", "{FF0CC02E-47CF-4E53-9C94-1DD1BF4D007E}"
EndProject
Global
	GlobalSection(SolutionConfigurationPlatforms) = preSolution
		Debug|Any CPU = Debug|Any CPU
		Release|Any CPU = Release|Any CPU
	EndGlobalSection
	GlobalSection(ProjectConfigurationPlatforms) = postSolution
		{FF0CC02E-47CF-4E53-9C94-1DD1BF4D007E}.Debug|Any CPU.ActiveCfg = Debug|Any CPU
		{FF0CC02E-47CF-4E53-9C94-1DD1BF4D007E}.Debug|Any CPU.Build.0 = Debug|Any CPU
		{FF0CC02E-47CF-4E53-9C94-1DD1BF4D007E}.Release|Any CPU.ActiveCfg = Release|Any CPU
		{FF0CC02E-47CF-4E53-9C94-1DD1BF4D007E}.Release|Any CPU.Build.0 = Release|Any CPU
	EndGlobalSection
	GlobalSection(SolutionProperties) = preSolution
		HideSolutionNode = FALSE
	EndGlobalSection
	GlobalSection(ExtensibilityGlobals) = postSolution
		SolutionGuid = {3E67A113-D0A9-4440-AAB9-33D739B41781}
	EndGlobalSection
EndGlobal
